// !$*UTF8*$!
{
	archiveVersion = 1;
	classes = {
	};
	objectVersion = 46;
	objects = {
/* Begin PBXBuildFile section */
		0F11E1B0BF0E48CFBC2603AF /* AntDesign.ttf in Resources */ = {isa = PBXBuildFile; fileRef = 9D92770C6C2442F3B582334B /* AntDesign.ttf */; };
		1237B81E0AA447178CF49DDF /* FontAwesome5_Brands.ttf in Resources */ = {isa = PBXBuildFile; fileRef = B6FE6CCE496E4D3C87870B8C /* FontAwesome5_Brands.ttf */; };
		13B07FBC1A68108700A75B9A /* AppDelegate.m in Sources */ = {isa = PBXBuildFile; fileRef = 13B07FB01A68108700A75B9A /* AppDelegate.m */; };
		13B07FBD1A68108700A75B9A /* LaunchScreen.xib in Resources */ = {isa = PBXBuildFile; fileRef = 13B07FB11A68108700A75B9A /* LaunchScreen.xib */; };
		13B07FBF1A68108700A75B9A /* Images.xcassets in Resources */ = {isa = PBXBuildFile; fileRef = 13B07FB51A68108700A75B9A /* Images.xcassets */; };
		13B07FC11A68108700A75B9A /* main.m in Sources */ = {isa = PBXBuildFile; fileRef = 13B07FB71A68108700A75B9A /* main.m */; };
		19FEAD3EF05F226B93C88DB1 /* libPods-nono.a in Frameworks */ = {isa = PBXBuildFile; fileRef = 60F02717B4D6F60C85CE4430 /* libPods-nono.a */; };
		1E8C3DCC534D4F8A8F0E21EF /* Ionicons.ttf in Resources */ = {isa = PBXBuildFile; fileRef = 8C1524600D854F69B09C6DAC /* Ionicons.ttf */; };
		2E9AC62530C94D528292012E /* Roboto_medium.ttf in Resources */ = {isa = PBXBuildFile; fileRef = 485AB97DDC9242E484A8BE98 /* Roboto_medium.ttf */; };
		36F4A240C2A740C084E9D050 /* rubicon-icon-font.ttf in Resources */ = {isa = PBXBuildFile; fileRef = 1758064FCAEF49A1A987FD3C /* rubicon-icon-font.ttf */; };
		3FD22DB3533D489DB7486138 /* EvilIcons.ttf in Resources */ = {isa = PBXBuildFile; fileRef = D7629302AF8F4D7EAF7500D7 /* EvilIcons.ttf */; };
		40AF2D2C842649A0AF8164A6 /* Octicons.ttf in Resources */ = {isa = PBXBuildFile; fileRef = 656205C6391D496B8C92865F /* Octicons.ttf */; };
		43CB644E05424C56B85EFA17 /* Zocial.ttf in Resources */ = {isa = PBXBuildFile; fileRef = 79822669475744D9AE9A488B /* Zocial.ttf */; };
		516FECFF11714A5FA952E141 /* Foundation.ttf in Resources */ = {isa = PBXBuildFile; fileRef = 055B896D08A5416AA50CE220 /* Foundation.ttf */; };
		5294DCE0917448A188D15B1B /* SimpleLineIcons.ttf in Resources */ = {isa = PBXBuildFile; fileRef = 2D4BFFEFA1EF4684BA4C799A /* SimpleLineIcons.ttf */; };
		560D8008F536463F9729CD1C /* SimpleLineIcons.ttf in Resources */ = {isa = PBXBuildFile; fileRef = 7AF308CBCE894B11AE2FB23C /* SimpleLineIcons.ttf */; };
		606C4A79FD864BE38722CAD1 /* Feather.ttf in Resources */ = {isa = PBXBuildFile; fileRef = 5CF89DC5BF994A1AB28E0F39 /* Feather.ttf */; };
		7CB83B5300A34B068AB45DD1 /* Fontisto.ttf in Resources */ = {isa = PBXBuildFile; fileRef = C8FF7A93BB6F47BD8636B14D /* Fontisto.ttf */; };
		8BD5E66016A54835B861730B /* MaterialCommunityIcons.ttf in Resources */ = {isa = PBXBuildFile; fileRef = AB21300911974C459632263A /* MaterialCommunityIcons.ttf */; };
		8D5DC1A886104FD5B35F04E6 /* FontAwesome.ttf in Resources */ = {isa = PBXBuildFile; fileRef = DC0B25028D484C7CBAA7B9E5 /* FontAwesome.ttf */; };
		8DA3B37623FD441FA48C97BA /* Foundation.ttf in Resources */ = {isa = PBXBuildFile; fileRef = 7AC796EC2C5A48F184A27202 /* Foundation.ttf */; };
		965C3967EFE04F8DACAF07BD /* FontAwesome5_Regular.ttf in Resources */ = {isa = PBXBuildFile; fileRef = E784ACD62B43440FBAD7095D /* FontAwesome5_Regular.ttf */; };
		982E0BBD972A45609F86B850 /* Roboto.ttf in Resources */ = {isa = PBXBuildFile; fileRef = 25DE82A3823A4373B1289220 /* Roboto.ttf */; };
		9EC85EB19BF54D6DB0C30404 /* AntDesign.ttf in Resources */ = {isa = PBXBuildFile; fileRef = CD3C4789EE344D3E8DC06337 /* AntDesign.ttf */; };
		9F78F230A570430F811E1C79 /* Feather.ttf in Resources */ = {isa = PBXBuildFile; fileRef = F4491CDB5FEC45CC8548A97F /* Feather.ttf */; };
		AAA5AC40E2CF4C0AA5437806 /* Octicons.ttf in Resources */ = {isa = PBXBuildFile; fileRef = D3DAC57F87DF4BB69E18C4DB /* Octicons.ttf */; };
		AE84403E840D4FFDB094924E /* FontAwesome5_Solid.ttf in Resources */ = {isa = PBXBuildFile; fileRef = 90A490A275C04EA6BEBEEF8C /* FontAwesome5_Solid.ttf */; };
		B6041A4C3D804BDF8D9C4D2C /* Zocial.ttf in Resources */ = {isa = PBXBuildFile; fileRef = D8AB71614DA249409B44DAC8 /* Zocial.ttf */; };
		BDC78B16280842ADA322C744 /* Ionicons.ttf in Resources */ = {isa = PBXBuildFile; fileRef = 2CB7855C91004891AB679B8A /* Ionicons.ttf */; };
		BE93D13F45DE4AF981FBD517 /* MaterialCommunityIcons.ttf in Resources */ = {isa = PBXBuildFile; fileRef = 62549BA7E0BC4C91B5AF1B15 /* MaterialCommunityIcons.ttf */; };
		BEA1042004B44993B5303CE0 /* FontAwesome5_Brands.ttf in Resources */ = {isa = PBXBuildFile; fileRef = E25986E45C324C3DA98E154A /* FontAwesome5_Brands.ttf */; };
		C76DF5FDFD104D3B96691745 /* FontAwesome5_Solid.ttf in Resources */ = {isa = PBXBuildFile; fileRef = 1F0AD545EABE45F3992AE8CA /* FontAwesome5_Solid.ttf */; };
		CA245C5D11044A87A9B06A47 /* EvilIcons.ttf in Resources */ = {isa = PBXBuildFile; fileRef = F9E6BF5DBBE1420BA9752B11 /* EvilIcons.ttf */; };
		CB443A84ADA047F2AC414BD9 /* Entypo.ttf in Resources */ = {isa = PBXBuildFile; fileRef = 1842CA39E72E4C3BAC4BDC25 /* Entypo.ttf */; };
		DCA14C1949C64F799749A869 /* Entypo.ttf in Resources */ = {isa = PBXBuildFile; fileRef = 65FC9D47239D44D5A0400087 /* Entypo.ttf */; };
		DDF34542D61C48CB8D34E1C2 /* FontAwesome5_Regular.ttf in Resources */ = {isa = PBXBuildFile; fileRef = 5EDB74CEF7D045B382E21C3A /* FontAwesome5_Regular.ttf */; };
		E068AC62AC1D430A9D6625C2 /* MaterialIcons.ttf in Resources */ = {isa = PBXBuildFile; fileRef = 364AA232DBC4456DB20D2670 /* MaterialIcons.ttf */; };
		E17158FC935546FEA7AB3A1D /* FontAwesome.ttf in Resources */ = {isa = PBXBuildFile; fileRef = 05171A2C8CF040C9A08655AF /* FontAwesome.ttf */; };
		EA1CA063F84541AA99AB3517 /* MaterialIcons.ttf in Resources */ = {isa = PBXBuildFile; fileRef = FA9CCD236D24489CAED42996 /* MaterialIcons.ttf */; };
		F33324A0710048BDAFB98AC1 /* Fontisto.ttf in Resources */ = {isa = PBXBuildFile; fileRef = A4A17264662F4899AFC17208 /* Fontisto.ttf */; };
/* End PBXBuildFile section */

/* Begin PBXFileReference section */
		008F07F21AC5B25A0029DE68 /* main.jsbundle */ = {isa = PBXFileReference; fileEncoding = 4; lastKnownFileType = text; path = main.jsbundle; sourceTree = "<group>"; };
		00E356F11AD99517003FC87E /* Info.plist */ = {isa = PBXFileReference; lastKnownFileType = text.plist.xml; path = Info.plist; sourceTree = "<group>"; };
		00E356F21AD99517003FC87E /* nonoTests.m */ = {isa = PBXFileReference; lastKnownFileType = sourcecode.c.objc; path = nonoTests.m; sourceTree = "<group>"; };
		05171A2C8CF040C9A08655AF /* FontAwesome.ttf */ = {isa = PBXFileReference; explicitFileType = undefined; fileEncoding = 9; includeInIndex = 0; lastKnownFileType = unknown; name = FontAwesome.ttf; path = "../node_modules/native-base/Fonts/FontAwesome.ttf"; sourceTree = "<group>"; };
		055B896D08A5416AA50CE220 /* Foundation.ttf */ = {isa = PBXFileReference; explicitFileType = undefined; fileEncoding = undefined; includeInIndex = 0; lastKnownFileType = unknown; name = Foundation.ttf; path = "../node_modules/react-native-vector-icons/Fonts/Foundation.ttf"; sourceTree = "<group>"; };
		13B07F961A680F5B00A75B9A /* nono.app */ = {isa = PBXFileReference; explicitFileType = wrapper.application; includeInIndex = 0; path = nono.app; sourceTree = BUILT_PRODUCTS_DIR; };
		13B07FAF1A68108700A75B9A /* AppDelegate.h */ = {isa = PBXFileReference; fileEncoding = 4; lastKnownFileType = sourcecode.c.h; name = AppDelegate.h; path = nono/AppDelegate.h; sourceTree = "<group>"; };
		13B07FB01A68108700A75B9A /* AppDelegate.m */ = {isa = PBXFileReference; fileEncoding = 4; lastKnownFileType = sourcecode.c.objc; name = AppDelegate.m; path = nono/AppDelegate.m; sourceTree = "<group>"; };
		13B07FB21A68108700A75B9A /* Base */ = {isa = PBXFileReference; lastKnownFileType = file.xib; name = Base; path = Base.lproj/LaunchScreen.xib; sourceTree = "<group>"; };
		13B07FB51A68108700A75B9A /* Images.xcassets */ = {isa = PBXFileReference; lastKnownFileType = folder.assetcatalog; name = Images.xcassets; path = nono/Images.xcassets; sourceTree = "<group>"; };
		13B07FB61A68108700A75B9A /* Info.plist */ = {isa = PBXFileReference; fileEncoding = 4; lastKnownFileType = text.plist.xml; name = Info.plist; path = nono/Info.plist; sourceTree = "<group>"; };
		13B07FB71A68108700A75B9A /* main.m */ = {isa = PBXFileReference; fileEncoding = 4; lastKnownFileType = sourcecode.c.objc; name = main.m; path = nono/main.m; sourceTree = "<group>"; };
		1758064FCAEF49A1A987FD3C /* rubicon-icon-font.ttf */ = {isa = PBXFileReference; explicitFileType = undefined; fileEncoding = 9; includeInIndex = 0; lastKnownFileType = unknown; name = "rubicon-icon-font.ttf"; path = "../node_modules/native-base/Fonts/rubicon-icon-font.ttf"; sourceTree = "<group>"; };
		1842CA39E72E4C3BAC4BDC25 /* Entypo.ttf */ = {isa = PBXFileReference; explicitFileType = undefined; fileEncoding = 9; includeInIndex = 0; lastKnownFileType = unknown; name = Entypo.ttf; path = "../node_modules/native-base/Fonts/Entypo.ttf"; sourceTree = "<group>"; };
		1F0AD545EABE45F3992AE8CA /* FontAwesome5_Solid.ttf */ = {isa = PBXFileReference; explicitFileType = undefined; fileEncoding = undefined; includeInIndex = 0; lastKnownFileType = unknown; name = FontAwesome5_Solid.ttf; path = "../node_modules/react-native-vector-icons/Fonts/FontAwesome5_Solid.ttf"; sourceTree = "<group>"; };
		25DE82A3823A4373B1289220 /* Roboto.ttf */ = {isa = PBXFileReference; explicitFileType = undefined; fileEncoding = 9; includeInIndex = 0; lastKnownFileType = unknown; name = Roboto.ttf; path = "../node_modules/native-base/Fonts/Roboto.ttf"; sourceTree = "<group>"; };
		2CB7855C91004891AB679B8A /* Ionicons.ttf */ = {isa = PBXFileReference; explicitFileType = undefined; fileEncoding = 9; includeInIndex = 0; lastKnownFileType = unknown; name = Ionicons.ttf; path = "../node_modules/native-base/Fonts/Ionicons.ttf"; sourceTree = "<group>"; };
		2D4BFFEFA1EF4684BA4C799A /* SimpleLineIcons.ttf */ = {isa = PBXFileReference; explicitFileType = undefined; fileEncoding = 9; includeInIndex = 0; lastKnownFileType = unknown; name = SimpleLineIcons.ttf; path = "../node_modules/native-base/Fonts/SimpleLineIcons.ttf"; sourceTree = "<group>"; };
		364AA232DBC4456DB20D2670 /* MaterialIcons.ttf */ = {isa = PBXFileReference; explicitFileType = undefined; fileEncoding = undefined; includeInIndex = 0; lastKnownFileType = unknown; name = MaterialIcons.ttf; path = "../node_modules/react-native-vector-icons/Fonts/MaterialIcons.ttf"; sourceTree = "<group>"; };
		485AB97DDC9242E484A8BE98 /* Roboto_medium.ttf */ = {isa = PBXFileReference; explicitFileType = undefined; fileEncoding = 9; includeInIndex = 0; lastKnownFileType = unknown; name = Roboto_medium.ttf; path = "../node_modules/native-base/Fonts/Roboto_medium.ttf"; sourceTree = "<group>"; };
		5CF89DC5BF994A1AB28E0F39 /* Feather.ttf */ = {isa = PBXFileReference; explicitFileType = undefined; fileEncoding = undefined; includeInIndex = 0; lastKnownFileType = unknown; name = Feather.ttf; path = "../node_modules/react-native-vector-icons/Fonts/Feather.ttf"; sourceTree = "<group>"; };
		5EDB74CEF7D045B382E21C3A /* FontAwesome5_Regular.ttf */ = {isa = PBXFileReference; explicitFileType = undefined; fileEncoding = 9; includeInIndex = 0; lastKnownFileType = unknown; name = FontAwesome5_Regular.ttf; path = "../node_modules/native-base/Fonts/FontAwesome5_Regular.ttf"; sourceTree = "<group>"; };
		60F02717B4D6F60C85CE4430 /* libPods-nono.a */ = {isa = PBXFileReference; explicitFileType = archive.ar; includeInIndex = 0; path = "libPods-nono.a"; sourceTree = BUILT_PRODUCTS_DIR; };
		62549BA7E0BC4C91B5AF1B15 /* MaterialCommunityIcons.ttf */ = {isa = PBXFileReference; explicitFileType = undefined; fileEncoding = 9; includeInIndex = 0; lastKnownFileType = unknown; name = MaterialCommunityIcons.ttf; path = "../node_modules/native-base/Fonts/MaterialCommunityIcons.ttf"; sourceTree = "<group>"; };
		64C81358C2A586803604B548 /* libPods-nono-tvOSTests.a */ = {isa = PBXFileReference; explicitFileType = archive.ar; includeInIndex = 0; path = "libPods-nono-tvOSTests.a"; sourceTree = BUILT_PRODUCTS_DIR; };
		656205C6391D496B8C92865F /* Octicons.ttf */ = {isa = PBXFileReference; explicitFileType = undefined; fileEncoding = 9; includeInIndex = 0; lastKnownFileType = unknown; name = Octicons.ttf; path = "../node_modules/native-base/Fonts/Octicons.ttf"; sourceTree = "<group>"; };
		65FC9D47239D44D5A0400087 /* Entypo.ttf */ = {isa = PBXFileReference; explicitFileType = undefined; fileEncoding = undefined; includeInIndex = 0; lastKnownFileType = unknown; name = Entypo.ttf; path = "../node_modules/react-native-vector-icons/Fonts/Entypo.ttf"; sourceTree = "<group>"; };
		716390EB21D98C246CA0F404 /* Pods-nono.release.xcconfig */ = {isa = PBXFileReference; includeInIndex = 1; lastKnownFileType = text.xcconfig; name = "Pods-nono.release.xcconfig"; path = "Pods/Target Support Files/Pods-nono/Pods-nono.release.xcconfig"; sourceTree = "<group>"; };
		79822669475744D9AE9A488B /* Zocial.ttf */ = {isa = PBXFileReference; explicitFileType = undefined; fileEncoding = 9; includeInIndex = 0; lastKnownFileType = unknown; name = Zocial.ttf; path = "../node_modules/native-base/Fonts/Zocial.ttf"; sourceTree = "<group>"; };
		7AC796EC2C5A48F184A27202 /* Foundation.ttf */ = {isa = PBXFileReference; explicitFileType = undefined; fileEncoding = 9; includeInIndex = 0; lastKnownFileType = unknown; name = Foundation.ttf; path = "../node_modules/native-base/Fonts/Foundation.ttf"; sourceTree = "<group>"; };
		7AF308CBCE894B11AE2FB23C /* SimpleLineIcons.ttf */ = {isa = PBXFileReference; explicitFileType = undefined; fileEncoding = undefined; includeInIndex = 0; lastKnownFileType = unknown; name = SimpleLineIcons.ttf; path = "../node_modules/react-native-vector-icons/Fonts/SimpleLineIcons.ttf"; sourceTree = "<group>"; };
		87018D9465FE2C5ABAA5C4E3 /* Pods-nono-tvOSTests.debug.xcconfig */ = {isa = PBXFileReference; includeInIndex = 1; lastKnownFileType = text.xcconfig; name = "Pods-nono-tvOSTests.debug.xcconfig"; path = "Pods/Target Support Files/Pods-nono-tvOSTests/Pods-nono-tvOSTests.debug.xcconfig"; sourceTree = "<group>"; };
		87AA1A526B50F0AB56FEE0A5 /* libPods-nonoTests.a */ = {isa = PBXFileReference; explicitFileType = archive.ar; includeInIndex = 0; path = "libPods-nonoTests.a"; sourceTree = BUILT_PRODUCTS_DIR; };
		8C1524600D854F69B09C6DAC /* Ionicons.ttf */ = {isa = PBXFileReference; explicitFileType = undefined; fileEncoding = undefined; includeInIndex = 0; lastKnownFileType = unknown; name = Ionicons.ttf; path = "../node_modules/react-native-vector-icons/Fonts/Ionicons.ttf"; sourceTree = "<group>"; };
		90A490A275C04EA6BEBEEF8C /* FontAwesome5_Solid.ttf */ = {isa = PBXFileReference; explicitFileType = undefined; fileEncoding = 9; includeInIndex = 0; lastKnownFileType = unknown; name = FontAwesome5_Solid.ttf; path = "../node_modules/native-base/Fonts/FontAwesome5_Solid.ttf"; sourceTree = "<group>"; };
		9D92770C6C2442F3B582334B /* AntDesign.ttf */ = {isa = PBXFileReference; explicitFileType = undefined; fileEncoding = undefined; includeInIndex = 0; lastKnownFileType = unknown; name = AntDesign.ttf; path = "../node_modules/react-native-vector-icons/Fonts/AntDesign.ttf"; sourceTree = "<group>"; };
		A4A17264662F4899AFC17208 /* Fontisto.ttf */ = {isa = PBXFileReference; explicitFileType = undefined; fileEncoding = undefined; includeInIndex = 0; lastKnownFileType = unknown; name = Fontisto.ttf; path = "../node_modules/react-native-vector-icons/Fonts/Fontisto.ttf"; sourceTree = "<group>"; };
		AB21300911974C459632263A /* MaterialCommunityIcons.ttf */ = {isa = PBXFileReference; explicitFileType = undefined; fileEncoding = undefined; includeInIndex = 0; lastKnownFileType = unknown; name = MaterialCommunityIcons.ttf; path = "../node_modules/react-native-vector-icons/Fonts/MaterialCommunityIcons.ttf"; sourceTree = "<group>"; };
		AC8A09FC4E81D46F0536A118 /* Pods-nonoTests.release.xcconfig */ = {isa = PBXFileReference; includeInIndex = 1; lastKnownFileType = text.xcconfig; name = "Pods-nonoTests.release.xcconfig"; path = "Pods/Target Support Files/Pods-nonoTests/Pods-nonoTests.release.xcconfig"; sourceTree = "<group>"; };
		B6FE6CCE496E4D3C87870B8C /* FontAwesome5_Brands.ttf */ = {isa = PBXFileReference; explicitFileType = undefined; fileEncoding = undefined; includeInIndex = 0; lastKnownFileType = unknown; name = FontAwesome5_Brands.ttf; path = "../node_modules/react-native-vector-icons/Fonts/FontAwesome5_Brands.ttf"; sourceTree = "<group>"; };
		BEF3AC5ECCAE0A21A948C2CC /* Pods-nono-tvOS.release.xcconfig */ = {isa = PBXFileReference; includeInIndex = 1; lastKnownFileType = text.xcconfig; name = "Pods-nono-tvOS.release.xcconfig"; path = "Pods/Target Support Files/Pods-nono-tvOS/Pods-nono-tvOS.release.xcconfig"; sourceTree = "<group>"; };
		C41CB721796FAF18489BEE79 /* libPods-nono-tvOS.a */ = {isa = PBXFileReference; explicitFileType = archive.ar; includeInIndex = 0; path = "libPods-nono-tvOS.a"; sourceTree = BUILT_PRODUCTS_DIR; };
		C8FF7A93BB6F47BD8636B14D /* Fontisto.ttf */ = {isa = PBXFileReference; explicitFileType = undefined; fileEncoding = 9; includeInIndex = 0; lastKnownFileType = unknown; name = Fontisto.ttf; path = "../node_modules/native-base/Fonts/Fontisto.ttf"; sourceTree = "<group>"; };
		C9A370047F1C399F8003F84D /* Pods-nono.debug.xcconfig */ = {isa = PBXFileReference; includeInIndex = 1; lastKnownFileType = text.xcconfig; name = "Pods-nono.debug.xcconfig"; path = "Pods/Target Support Files/Pods-nono/Pods-nono.debug.xcconfig"; sourceTree = "<group>"; };
		CD3C4789EE344D3E8DC06337 /* AntDesign.ttf */ = {isa = PBXFileReference; explicitFileType = undefined; fileEncoding = 9; includeInIndex = 0; lastKnownFileType = unknown; name = AntDesign.ttf; path = "../node_modules/native-base/Fonts/AntDesign.ttf"; sourceTree = "<group>"; };
		CE80B122979FD80D722D3104 /* Pods-nono-tvOS.debug.xcconfig */ = {isa = PBXFileReference; includeInIndex = 1; lastKnownFileType = text.xcconfig; name = "Pods-nono-tvOS.debug.xcconfig"; path = "Pods/Target Support Files/Pods-nono-tvOS/Pods-nono-tvOS.debug.xcconfig"; sourceTree = "<group>"; };
		D3DAC57F87DF4BB69E18C4DB /* Octicons.ttf */ = {isa = PBXFileReference; explicitFileType = undefined; fileEncoding = undefined; includeInIndex = 0; lastKnownFileType = unknown; name = Octicons.ttf; path = "../node_modules/react-native-vector-icons/Fonts/Octicons.ttf"; sourceTree = "<group>"; };
		D7629302AF8F4D7EAF7500D7 /* EvilIcons.ttf */ = {isa = PBXFileReference; explicitFileType = undefined; fileEncoding = 9; includeInIndex = 0; lastKnownFileType = unknown; name = EvilIcons.ttf; path = "../node_modules/native-base/Fonts/EvilIcons.ttf"; sourceTree = "<group>"; };
		D8AB71614DA249409B44DAC8 /* Zocial.ttf */ = {isa = PBXFileReference; explicitFileType = undefined; fileEncoding = undefined; includeInIndex = 0; lastKnownFileType = unknown; name = Zocial.ttf; path = "../node_modules/react-native-vector-icons/Fonts/Zocial.ttf"; sourceTree = "<group>"; };
		DB06B2E831C1B0EFA501E965 /* Pods-nonoTests.debug.xcconfig */ = {isa = PBXFileReference; includeInIndex = 1; lastKnownFileType = text.xcconfig; name = "Pods-nonoTests.debug.xcconfig"; path = "Pods/Target Support Files/Pods-nonoTests/Pods-nonoTests.debug.xcconfig"; sourceTree = "<group>"; };
		DC0B25028D484C7CBAA7B9E5 /* FontAwesome.ttf */ = {isa = PBXFileReference; explicitFileType = undefined; fileEncoding = undefined; includeInIndex = 0; lastKnownFileType = unknown; name = FontAwesome.ttf; path = "../node_modules/react-native-vector-icons/Fonts/FontAwesome.ttf"; sourceTree = "<group>"; };
		E25986E45C324C3DA98E154A /* FontAwesome5_Brands.ttf */ = {isa = PBXFileReference; explicitFileType = undefined; fileEncoding = 9; includeInIndex = 0; lastKnownFileType = unknown; name = FontAwesome5_Brands.ttf; path = "../node_modules/native-base/Fonts/FontAwesome5_Brands.ttf"; sourceTree = "<group>"; };
		E784ACD62B43440FBAD7095D /* FontAwesome5_Regular.ttf */ = {isa = PBXFileReference; explicitFileType = undefined; fileEncoding = undefined; includeInIndex = 0; lastKnownFileType = unknown; name = FontAwesome5_Regular.ttf; path = "../node_modules/react-native-vector-icons/Fonts/FontAwesome5_Regular.ttf"; sourceTree = "<group>"; };
		ED297162215061F000B7C4FE /* JavaScriptCore.framework */ = {isa = PBXFileReference; lastKnownFileType = wrapper.framework; name = JavaScriptCore.framework; path = System/Library/Frameworks/JavaScriptCore.framework; sourceTree = SDKROOT; };
		ED2971642150620600B7C4FE /* JavaScriptCore.framework */ = {isa = PBXFileReference; lastKnownFileType = wrapper.framework; name = JavaScriptCore.framework; path = Platforms/AppleTVOS.platform/Developer/SDKs/AppleTVOS12.0.sdk/System/Library/Frameworks/JavaScriptCore.framework; sourceTree = DEVELOPER_DIR; };
		F1806B2FCA3B38C0A6A8946F /* Pods-nono-tvOSTests.release.xcconfig */ = {isa = PBXFileReference; includeInIndex = 1; lastKnownFileType = text.xcconfig; name = "Pods-nono-tvOSTests.release.xcconfig"; path = "Pods/Target Support Files/Pods-nono-tvOSTests/Pods-nono-tvOSTests.release.xcconfig"; sourceTree = "<group>"; };
		F4491CDB5FEC45CC8548A97F /* Feather.ttf */ = {isa = PBXFileReference; explicitFileType = undefined; fileEncoding = 9; includeInIndex = 0; lastKnownFileType = unknown; name = Feather.ttf; path = "../node_modules/native-base/Fonts/Feather.ttf"; sourceTree = "<group>"; };
		F9E6BF5DBBE1420BA9752B11 /* EvilIcons.ttf */ = {isa = PBXFileReference; explicitFileType = undefined; fileEncoding = undefined; includeInIndex = 0; lastKnownFileType = unknown; name = EvilIcons.ttf; path = "../node_modules/react-native-vector-icons/Fonts/EvilIcons.ttf"; sourceTree = "<group>"; };
		FA9CCD236D24489CAED42996 /* MaterialIcons.ttf */ = {isa = PBXFileReference; explicitFileType = undefined; fileEncoding = 9; includeInIndex = 0; lastKnownFileType = unknown; name = MaterialIcons.ttf; path = "../node_modules/native-base/Fonts/MaterialIcons.ttf"; sourceTree = "<group>"; };
/* End PBXFileReference section */

/* Begin PBXFrameworksBuildPhase section */
		13B07F8C1A680F5B00A75B9A /* Frameworks */ = {
			isa = PBXFrameworksBuildPhase;
			buildActionMask = 2147483647;
			files = (
				19FEAD3EF05F226B93C88DB1 /* libPods-nono.a in Frameworks */,
			);
			runOnlyForDeploymentPostprocessing = 0;
		};
/* End PBXFrameworksBuildPhase section */

/* Begin PBXGroup section */
		00E356EF1AD99517003FC87E /* nonoTests */ = {
			isa = PBXGroup;
			children = (
				00E356F21AD99517003FC87E /* nonoTests.m */,
				00E356F01AD99517003FC87E /* Supporting Files */,
			);
			path = nonoTests;
			sourceTree = "<group>";
		};
		00E356F01AD99517003FC87E /* Supporting Files */ = {
			isa = PBXGroup;
			children = (
				00E356F11AD99517003FC87E /* Info.plist */,
			);
			name = "Supporting Files";
			sourceTree = "<group>";
		};
		0B1E76C84E22DDFF4282C948 /* Pods */ = {
			isa = PBXGroup;
			children = (
				C9A370047F1C399F8003F84D /* Pods-nono.debug.xcconfig */,
				716390EB21D98C246CA0F404 /* Pods-nono.release.xcconfig */,
				CE80B122979FD80D722D3104 /* Pods-nono-tvOS.debug.xcconfig */,
				BEF3AC5ECCAE0A21A948C2CC /* Pods-nono-tvOS.release.xcconfig */,
				87018D9465FE2C5ABAA5C4E3 /* Pods-nono-tvOSTests.debug.xcconfig */,
				F1806B2FCA3B38C0A6A8946F /* Pods-nono-tvOSTests.release.xcconfig */,
				DB06B2E831C1B0EFA501E965 /* Pods-nonoTests.debug.xcconfig */,
				AC8A09FC4E81D46F0536A118 /* Pods-nonoTests.release.xcconfig */,
			);
			name = Pods;
			sourceTree = "<group>";
		};
		13B07FAE1A68108700A75B9A /* nono */ = {
			isa = PBXGroup;
			children = (
				008F07F21AC5B25A0029DE68 /* main.jsbundle */,
				13B07FAF1A68108700A75B9A /* AppDelegate.h */,
				13B07FB01A68108700A75B9A /* AppDelegate.m */,
				13B07FB51A68108700A75B9A /* Images.xcassets */,
				13B07FB61A68108700A75B9A /* Info.plist */,
				13B07FB11A68108700A75B9A /* LaunchScreen.xib */,
				13B07FB71A68108700A75B9A /* main.m */,
			);
			name = nono;
			sourceTree = "<group>";
		};
		2D16E6871FA4F8E400B85C8A /* Frameworks */ = {
			isa = PBXGroup;
			children = (
				ED297162215061F000B7C4FE /* JavaScriptCore.framework */,
				ED2971642150620600B7C4FE /* JavaScriptCore.framework */,
				60F02717B4D6F60C85CE4430 /* libPods-nono.a */,
				C41CB721796FAF18489BEE79 /* libPods-nono-tvOS.a */,
				64C81358C2A586803604B548 /* libPods-nono-tvOSTests.a */,
				87AA1A526B50F0AB56FEE0A5 /* libPods-nonoTests.a */,
			);
			name = Frameworks;
			sourceTree = "<group>";
		};
		64727A0B1CA945FEAA49DB62 /* Resources */ = {
			isa = PBXGroup;
			children = (
				CD3C4789EE344D3E8DC06337 /* AntDesign.ttf */,
				1842CA39E72E4C3BAC4BDC25 /* Entypo.ttf */,
				D7629302AF8F4D7EAF7500D7 /* EvilIcons.ttf */,
				F4491CDB5FEC45CC8548A97F /* Feather.ttf */,
				05171A2C8CF040C9A08655AF /* FontAwesome.ttf */,
				E25986E45C324C3DA98E154A /* FontAwesome5_Brands.ttf */,
				5EDB74CEF7D045B382E21C3A /* FontAwesome5_Regular.ttf */,
				90A490A275C04EA6BEBEEF8C /* FontAwesome5_Solid.ttf */,
				C8FF7A93BB6F47BD8636B14D /* Fontisto.ttf */,
				7AC796EC2C5A48F184A27202 /* Foundation.ttf */,
				2CB7855C91004891AB679B8A /* Ionicons.ttf */,
				62549BA7E0BC4C91B5AF1B15 /* MaterialCommunityIcons.ttf */,
				FA9CCD236D24489CAED42996 /* MaterialIcons.ttf */,
				656205C6391D496B8C92865F /* Octicons.ttf */,
				485AB97DDC9242E484A8BE98 /* Roboto_medium.ttf */,
				25DE82A3823A4373B1289220 /* Roboto.ttf */,
				1758064FCAEF49A1A987FD3C /* rubicon-icon-font.ttf */,
				2D4BFFEFA1EF4684BA4C799A /* SimpleLineIcons.ttf */,
				79822669475744D9AE9A488B /* Zocial.ttf */,
				9D92770C6C2442F3B582334B /* AntDesign.ttf */,
				65FC9D47239D44D5A0400087 /* Entypo.ttf */,
				F9E6BF5DBBE1420BA9752B11 /* EvilIcons.ttf */,
				5CF89DC5BF994A1AB28E0F39 /* Feather.ttf */,
				DC0B25028D484C7CBAA7B9E5 /* FontAwesome.ttf */,
				B6FE6CCE496E4D3C87870B8C /* FontAwesome5_Brands.ttf */,
				E784ACD62B43440FBAD7095D /* FontAwesome5_Regular.ttf */,
				1F0AD545EABE45F3992AE8CA /* FontAwesome5_Solid.ttf */,
				A4A17264662F4899AFC17208 /* Fontisto.ttf */,
				055B896D08A5416AA50CE220 /* Foundation.ttf */,
				8C1524600D854F69B09C6DAC /* Ionicons.ttf */,
				AB21300911974C459632263A /* MaterialCommunityIcons.ttf */,
				364AA232DBC4456DB20D2670 /* MaterialIcons.ttf */,
				D3DAC57F87DF4BB69E18C4DB /* Octicons.ttf */,
				7AF308CBCE894B11AE2FB23C /* SimpleLineIcons.ttf */,
				D8AB71614DA249409B44DAC8 /* Zocial.ttf */,
			);
			name = Resources;
			sourceTree = "<group>";
		};
		832341AE1AAA6A7D00B99B32 /* Libraries */ = {
			isa = PBXGroup;
			children = (
			);
			name = Libraries;
			sourceTree = "<group>";
		};
		83CBB9F61A601CBA00E9B192 = {
			isa = PBXGroup;
			children = (
				13B07FAE1A68108700A75B9A /* nono */,
				832341AE1AAA6A7D00B99B32 /* Libraries */,
				00E356EF1AD99517003FC87E /* nonoTests */,
				83CBBA001A601CBA00E9B192 /* Products */,
				2D16E6871FA4F8E400B85C8A /* Frameworks */,
				0B1E76C84E22DDFF4282C948 /* Pods */,
				64727A0B1CA945FEAA49DB62 /* Resources */,
			);
			indentWidth = 2;
			sourceTree = "<group>";
			tabWidth = 2;
			usesTabs = 0;
		};
		83CBBA001A601CBA00E9B192 /* Products */ = {
			isa = PBXGroup;
			children = (
				13B07F961A680F5B00A75B9A /* nono.app */,
			);
			name = Products;
			sourceTree = "<group>";
		};
/* End PBXGroup section */

/* Begin PBXNativeTarget section */
		13B07F861A680F5B00A75B9A /* nono */ = {
			isa = PBXNativeTarget;
			buildConfigurationList = 13B07F931A680F5B00A75B9A /* Build configuration list for PBXNativeTarget "nono" */;
			buildPhases = (
				EDDA405A00EDFF74E8EED257 /* [CP] Check Pods Manifest.lock */,
				FD10A7F022414F080027D42C /* Start Packager */,
				13B07F871A680F5B00A75B9A /* Sources */,
				13B07F8C1A680F5B00A75B9A /* Frameworks */,
				13B07F8E1A680F5B00A75B9A /* Resources */,
				00DD1BFF1BD5951E006B06BC /* Bundle React Native code and images */,
				E71EC6E0D7251464F52AFC51 /* [CP] Copy Pods Resources */,
			);
			buildRules = (
			);
			dependencies = (
			);
			name = nono;
			productName = nono;
			productReference = 13B07F961A680F5B00A75B9A /* nono.app */;
			productType = "com.apple.product-type.application";
		};
/* End PBXNativeTarget section */

/* Begin PBXProject section */
		83CBB9F71A601CBA00E9B192 /* Project object */ = {
			isa = PBXProject;
			attributes = {
				LastUpgradeCheck = 940;
				ORGANIZATIONNAME = Facebook;
				TargetAttributes = {
					13B07F861A680F5B00A75B9A = {
						DevelopmentTeam = J8LEA5AKCY;
						ProvisioningStyle = Manual;
					};
				};
			};
			buildConfigurationList = 83CBB9FA1A601CBA00E9B192 /* Build configuration list for PBXProject "nono" */;
			compatibilityVersion = "Xcode 3.2";
			developmentRegion = English;
			hasScannedForEncodings = 0;
			knownRegions = (
				English,
				en,
				Base,
			);
			mainGroup = 83CBB9F61A601CBA00E9B192;
			productRefGroup = 83CBBA001A601CBA00E9B192 /* Products */;
			projectDirPath = "";
			projectRoot = "";
			targets = (
				13B07F861A680F5B00A75B9A /* nono */,
			);
		};
/* End PBXProject section */

/* Begin PBXResourcesBuildPhase section */
		13B07F8E1A680F5B00A75B9A /* Resources */ = {
			isa = PBXResourcesBuildPhase;
			buildActionMask = 2147483647;
			files = (
				13B07FBF1A68108700A75B9A /* Images.xcassets in Resources */,
				13B07FBD1A68108700A75B9A /* LaunchScreen.xib in Resources */,
				9EC85EB19BF54D6DB0C30404 /* AntDesign.ttf in Resources */,
				CB443A84ADA047F2AC414BD9 /* Entypo.ttf in Resources */,
				3FD22DB3533D489DB7486138 /* EvilIcons.ttf in Resources */,
				9F78F230A570430F811E1C79 /* Feather.ttf in Resources */,
				E17158FC935546FEA7AB3A1D /* FontAwesome.ttf in Resources */,
				BEA1042004B44993B5303CE0 /* FontAwesome5_Brands.ttf in Resources */,
				DDF34542D61C48CB8D34E1C2 /* FontAwesome5_Regular.ttf in Resources */,
				AE84403E840D4FFDB094924E /* FontAwesome5_Solid.ttf in Resources */,
				7CB83B5300A34B068AB45DD1 /* Fontisto.ttf in Resources */,
				8DA3B37623FD441FA48C97BA /* Foundation.ttf in Resources */,
				BDC78B16280842ADA322C744 /* Ionicons.ttf in Resources */,
				BE93D13F45DE4AF981FBD517 /* MaterialCommunityIcons.ttf in Resources */,
				EA1CA063F84541AA99AB3517 /* MaterialIcons.ttf in Resources */,
				40AF2D2C842649A0AF8164A6 /* Octicons.ttf in Resources */,
				2E9AC62530C94D528292012E /* Roboto_medium.ttf in Resources */,
				982E0BBD972A45609F86B850 /* Roboto.ttf in Resources */,
				36F4A240C2A740C084E9D050 /* rubicon-icon-font.ttf in Resources */,
				5294DCE0917448A188D15B1B /* SimpleLineIcons.ttf in Resources */,
				43CB644E05424C56B85EFA17 /* Zocial.ttf in Resources */,
				0F11E1B0BF0E48CFBC2603AF /* AntDesign.ttf in Resources */,
				DCA14C1949C64F799749A869 /* Entypo.ttf in Resources */,
				CA245C5D11044A87A9B06A47 /* EvilIcons.ttf in Resources */,
				606C4A79FD864BE38722CAD1 /* Feather.ttf in Resources */,
				8D5DC1A886104FD5B35F04E6 /* FontAwesome.ttf in Resources */,
				1237B81E0AA447178CF49DDF /* FontAwesome5_Brands.ttf in Resources */,
				965C3967EFE04F8DACAF07BD /* FontAwesome5_Regular.ttf in Resources */,
				C76DF5FDFD104D3B96691745 /* FontAwesome5_Solid.ttf in Resources */,
				F33324A0710048BDAFB98AC1 /* Fontisto.ttf in Resources */,
				516FECFF11714A5FA952E141 /* Foundation.ttf in Resources */,
				1E8C3DCC534D4F8A8F0E21EF /* Ionicons.ttf in Resources */,
				8BD5E66016A54835B861730B /* MaterialCommunityIcons.ttf in Resources */,
				E068AC62AC1D430A9D6625C2 /* MaterialIcons.ttf in Resources */,
				AAA5AC40E2CF4C0AA5437806 /* Octicons.ttf in Resources */,
				560D8008F536463F9729CD1C /* SimpleLineIcons.ttf in Resources */,
				B6041A4C3D804BDF8D9C4D2C /* Zocial.ttf in Resources */,
			);
			runOnlyForDeploymentPostprocessing = 0;
		};
/* End PBXResourcesBuildPhase section */

/* Begin PBXShellScriptBuildPhase section */
		00DD1BFF1BD5951E006B06BC /* Bundle React Native code and images */ = {
			isa = PBXShellScriptBuildPhase;
			buildActionMask = 2147483647;
			files = (
			);
			inputPaths = (
			);
			name = "Bundle React Native code and images";
			outputPaths = (
			);
			runOnlyForDeploymentPostprocessing = 0;
			shellPath = /bin/sh;
			shellScript = "export NODE_BINARY=node\n../node_modules/react-native/scripts/react-native-xcode.sh";
		};
		E71EC6E0D7251464F52AFC51 /* [CP] Copy Pods Resources */ = {
			isa = PBXShellScriptBuildPhase;
			buildActionMask = 2147483647;
			files = (
			);
			inputPaths = (
				"${PODS_ROOT}/Target Support Files/Pods-nono/Pods-nono-resources.sh",
				"${PODS_ROOT}/GoogleMaps/Maps/Frameworks/GoogleMaps.framework/Resources/GoogleMaps.bundle",
				"${PODS_ROOT}/../../node_modules/react-native-vector-icons/Fonts/AntDesign.ttf",
				"${PODS_ROOT}/../../node_modules/react-native-vector-icons/Fonts/Entypo.ttf",
				"${PODS_ROOT}/../../node_modules/react-native-vector-icons/Fonts/EvilIcons.ttf",
				"${PODS_ROOT}/../../node_modules/react-native-vector-icons/Fonts/Feather.ttf",
				"${PODS_ROOT}/../../node_modules/react-native-vector-icons/Fonts/FontAwesome.ttf",
				"${PODS_ROOT}/../../node_modules/react-native-vector-icons/Fonts/FontAwesome5_Brands.ttf",
				"${PODS_ROOT}/../../node_modules/react-native-vector-icons/Fonts/FontAwesome5_Regular.ttf",
				"${PODS_ROOT}/../../node_modules/react-native-vector-icons/Fonts/FontAwesome5_Solid.ttf",
				"${PODS_ROOT}/../../node_modules/react-native-vector-icons/Fonts/Fontisto.ttf",
				"${PODS_ROOT}/../../node_modules/react-native-vector-icons/Fonts/Foundation.ttf",
				"${PODS_ROOT}/../../node_modules/react-native-vector-icons/Fonts/Ionicons.ttf",
				"${PODS_ROOT}/../../node_modules/react-native-vector-icons/Fonts/MaterialCommunityIcons.ttf",
				"${PODS_ROOT}/../../node_modules/react-native-vector-icons/Fonts/MaterialIcons.ttf",
				"${PODS_ROOT}/../../node_modules/react-native-vector-icons/Fonts/Octicons.ttf",
				"${PODS_ROOT}/../../node_modules/react-native-vector-icons/Fonts/SimpleLineIcons.ttf",
				"${PODS_ROOT}/../../node_modules/react-native-vector-icons/Fonts/Zocial.ttf",
			);
			name = "[CP] Copy Pods Resources";
			outputPaths = (
				"${TARGET_BUILD_DIR}/${UNLOCALIZED_RESOURCES_FOLDER_PATH}/GoogleMaps.bundle",
				"${TARGET_BUILD_DIR}/${UNLOCALIZED_RESOURCES_FOLDER_PATH}/AntDesign.ttf",
				"${TARGET_BUILD_DIR}/${UNLOCALIZED_RESOURCES_FOLDER_PATH}/Entypo.ttf",
				"${TARGET_BUILD_DIR}/${UNLOCALIZED_RESOURCES_FOLDER_PATH}/EvilIcons.ttf",
				"${TARGET_BUILD_DIR}/${UNLOCALIZED_RESOURCES_FOLDER_PATH}/Feather.ttf",
				"${TARGET_BUILD_DIR}/${UNLOCALIZED_RESOURCES_FOLDER_PATH}/FontAwesome.ttf",
				"${TARGET_BUILD_DIR}/${UNLOCALIZED_RESOURCES_FOLDER_PATH}/FontAwesome5_Brands.ttf",
				"${TARGET_BUILD_DIR}/${UNLOCALIZED_RESOURCES_FOLDER_PATH}/FontAwesome5_Regular.ttf",
				"${TARGET_BUILD_DIR}/${UNLOCALIZED_RESOURCES_FOLDER_PATH}/FontAwesome5_Solid.ttf",
				"${TARGET_BUILD_DIR}/${UNLOCALIZED_RESOURCES_FOLDER_PATH}/Fontisto.ttf",
				"${TARGET_BUILD_DIR}/${UNLOCALIZED_RESOURCES_FOLDER_PATH}/Foundation.ttf",
				"${TARGET_BUILD_DIR}/${UNLOCALIZED_RESOURCES_FOLDER_PATH}/Ionicons.ttf",
				"${TARGET_BUILD_DIR}/${UNLOCALIZED_RESOURCES_FOLDER_PATH}/MaterialCommunityIcons.ttf",
				"${TARGET_BUILD_DIR}/${UNLOCALIZED_RESOURCES_FOLDER_PATH}/MaterialIcons.ttf",
				"${TARGET_BUILD_DIR}/${UNLOCALIZED_RESOURCES_FOLDER_PATH}/Octicons.ttf",
				"${TARGET_BUILD_DIR}/${UNLOCALIZED_RESOURCES_FOLDER_PATH}/SimpleLineIcons.ttf",
				"${TARGET_BUILD_DIR}/${UNLOCALIZED_RESOURCES_FOLDER_PATH}/Zocial.ttf",
			);
			runOnlyForDeploymentPostprocessing = 0;
			shellPath = /bin/sh;
			shellScript = "\"${PODS_ROOT}/Target Support Files/Pods-nono/Pods-nono-resources.sh\"\n";
			showEnvVarsInLog = 0;
		};
		EDDA405A00EDFF74E8EED257 /* [CP] Check Pods Manifest.lock */ = {
			isa = PBXShellScriptBuildPhase;
			buildActionMask = 2147483647;
			files = (
			);
			inputFileListPaths = (
			);
			inputPaths = (
				"${PODS_PODFILE_DIR_PATH}/Podfile.lock",
				"${PODS_ROOT}/Manifest.lock",
			);
			name = "[CP] Check Pods Manifest.lock";
			outputFileListPaths = (
			);
			outputPaths = (
				"$(DERIVED_FILE_DIR)/Pods-nono-checkManifestLockResult.txt",
			);
			runOnlyForDeploymentPostprocessing = 0;
			shellPath = /bin/sh;
			shellScript = "diff \"${PODS_PODFILE_DIR_PATH}/Podfile.lock\" \"${PODS_ROOT}/Manifest.lock\" > /dev/null\nif [ $? != 0 ] ; then\n    # print error to STDERR\n    echo \"error: The sandbox is not in sync with the Podfile.lock. Run 'pod install' or update your CocoaPods installation.\" >&2\n    exit 1\nfi\n# This output is used by Xcode 'outputs' to avoid re-running this script phase.\necho \"SUCCESS\" > \"${SCRIPT_OUTPUT_FILE_0}\"\n";
			showEnvVarsInLog = 0;
		};
		FD10A7F022414F080027D42C /* Start Packager */ = {
			isa = PBXShellScriptBuildPhase;
			buildActionMask = 2147483647;
			files = (
			);
			inputFileListPaths = (
			);
			inputPaths = (
			);
			name = "Start Packager";
			outputFileListPaths = (
			);
			outputPaths = (
			);
			runOnlyForDeploymentPostprocessing = 0;
			shellPath = /bin/sh;
			shellScript = "export RCT_METRO_PORT=\"${RCT_METRO_PORT:=8081}\"\necho \"export RCT_METRO_PORT=${RCT_METRO_PORT}\" > \"${SRCROOT}/../node_modules/react-native/scripts/.packager.env\"\nif [ -z \"${RCT_NO_LAUNCH_PACKAGER+xxx}\" ] ; then\n  if nc -w 5 -z localhost ${RCT_METRO_PORT} ; then\n    if ! curl -s \"http://localhost:${RCT_METRO_PORT}/status\" | grep -q \"packager-status:running\" ; then\n      echo \"Port ${RCT_METRO_PORT} already in use, packager is either not running or not running correctly\"\n      exit 2\n    fi\n  else\n    open \"$SRCROOT/../node_modules/react-native/scripts/launchPackager.command\" || echo \"Can't start packager automatically\"\n  fi\nfi\n";
			showEnvVarsInLog = 0;
		};
/* End PBXShellScriptBuildPhase section */

/* Begin PBXSourcesBuildPhase section */
		13B07F871A680F5B00A75B9A /* Sources */ = {
			isa = PBXSourcesBuildPhase;
			buildActionMask = 2147483647;
			files = (
				13B07FBC1A68108700A75B9A /* AppDelegate.m in Sources */,
				13B07FC11A68108700A75B9A /* main.m in Sources */,
			);
			runOnlyForDeploymentPostprocessing = 0;
		};
/* End PBXSourcesBuildPhase section */

/* Begin PBXVariantGroup section */
		13B07FB11A68108700A75B9A /* LaunchScreen.xib */ = {
			isa = PBXVariantGroup;
			children = (
				13B07FB21A68108700A75B9A /* Base */,
			);
			name = LaunchScreen.xib;
			path = nono;
			sourceTree = "<group>";
		};
/* End PBXVariantGroup section */

/* Begin XCBuildConfiguration section */
		13B07F941A680F5B00A75B9A /* Debug */ = {
			isa = XCBuildConfiguration;
			baseConfigurationReference = C9A370047F1C399F8003F84D /* Pods-nono.debug.xcconfig */;
			buildSettings = {
				ASSETCATALOG_COMPILER_APPICON_NAME = AppIcon;
				CODE_SIGN_STYLE = Manual;
				CURRENT_PROJECT_VERSION = 1;
				DEAD_CODE_STRIPPING = NO;
				DEVELOPMENT_TEAM = J8LEA5AKCY;
				INFOPLIST_FILE = nono/Info.plist;
				LD_RUNPATH_SEARCH_PATHS = "$(inherited) @executable_path/Frameworks";
				OTHER_LDFLAGS = (
					"$(inherited)",
					"-ObjC",
					"-lc++",
				);
				PRODUCT_BUNDLE_IDENTIFIER = "org.reactjs.native.example.$(PRODUCT_NAME:rfc1034identifier)";
				PRODUCT_NAME = nono;
				PROVISIONING_PROFILE_SPECIFIER = Wild;
				TARGETED_DEVICE_FAMILY = 1;
				VERSIONING_SYSTEM = "apple-generic";
			};
			name = Debug;
		};
		13B07F951A680F5B00A75B9A /* Release */ = {
			isa = XCBuildConfiguration;
			baseConfigurationReference = 716390EB21D98C246CA0F404 /* Pods-nono.release.xcconfig */;
			buildSettings = {
				ASSETCATALOG_COMPILER_APPICON_NAME = AppIcon;
				CODE_SIGN_STYLE = Manual;
				CURRENT_PROJECT_VERSION = 1;
				DEVELOPMENT_TEAM = J8LEA5AKCY;
				INFOPLIST_FILE = nono/Info.plist;
				LD_RUNPATH_SEARCH_PATHS = "$(inherited) @executable_path/Frameworks";
				OTHER_LDFLAGS = (
					"$(inherited)",
					"-ObjC",
					"-lc++",
				);
				PRODUCT_BUNDLE_IDENTIFIER = "org.reactjs.native.example.$(PRODUCT_NAME:rfc1034identifier)";
				PRODUCT_NAME = nono;
				PROVISIONING_PROFILE_SPECIFIER = Wild;
				TARGETED_DEVICE_FAMILY = 1;
				VERSIONING_SYSTEM = "apple-generic";
			};
			name = Release;
		};
		83CBBA201A601CBA00E9B192 /* Debug */ = {
			isa = XCBuildConfiguration;
			buildSettings = {
				ALWAYS_SEARCH_USER_PATHS = NO;
				CLANG_CXX_LANGUAGE_STANDARD = "gnu++0x";
				CLANG_CXX_LIBRARY = "libc++";
				CLANG_ENABLE_MODULES = YES;
				CLANG_ENABLE_OBJC_ARC = YES;
				CLANG_WARN_BLOCK_CAPTURE_AUTORELEASING = YES;
				CLANG_WARN_BOOL_CONVERSION = YES;
				CLANG_WARN_COMMA = YES;
				CLANG_WARN_CONSTANT_CONVERSION = YES;
				CLANG_WARN_DEPRECATED_OBJC_IMPLEMENTATIONS = YES;
				CLANG_WARN_DIRECT_OBJC_ISA_USAGE = YES_ERROR;
				CLANG_WARN_EMPTY_BODY = YES;
				CLANG_WARN_ENUM_CONVERSION = YES;
				CLANG_WARN_INFINITE_RECURSION = YES;
				CLANG_WARN_INT_CONVERSION = YES;
				CLANG_WARN_NON_LITERAL_NULL_CONVERSION = YES;
				CLANG_WARN_OBJC_IMPLICIT_RETAIN_SELF = YES;
				CLANG_WARN_OBJC_LITERAL_CONVERSION = YES;
				CLANG_WARN_OBJC_ROOT_CLASS = YES_ERROR;
				CLANG_WARN_RANGE_LOOP_ANALYSIS = YES;
				CLANG_WARN_STRICT_PROTOTYPES = YES;
				CLANG_WARN_SUSPICIOUS_MOVE = YES;
				CLANG_WARN_UNREACHABLE_CODE = YES;
				CLANG_WARN__DUPLICATE_METHOD_MATCH = YES;
				CODE_SIGN_IDENTITY = "iPhone Developer: Pu ZheXun (U4XCUHCTVS)";
				"CODE_SIGN_IDENTITY[sdk=iphoneos*]" = "iPhone Developer: Pu ZheXun (U4XCUHCTVS)";
				COPY_PHASE_STRIP = NO;
				ENABLE_STRICT_OBJC_MSGSEND = YES;
				ENABLE_TESTABILITY = YES;
				GCC_C_LANGUAGE_STANDARD = gnu99;
				GCC_DYNAMIC_NO_PIC = NO;
				GCC_NO_COMMON_BLOCKS = YES;
				GCC_OPTIMIZATION_LEVEL = 0;
				GCC_PREPROCESSOR_DEFINITIONS = (
					"DEBUG=1",
					"$(inherited)",
				);
				GCC_SYMBOLS_PRIVATE_EXTERN = NO;
				GCC_WARN_64_TO_32_BIT_CONVERSION = YES;
				GCC_WARN_ABOUT_RETURN_TYPE = YES_ERROR;
				GCC_WARN_UNDECLARED_SELECTOR = YES;
				GCC_WARN_UNINITIALIZED_AUTOS = YES_AGGRESSIVE;
				GCC_WARN_UNUSED_FUNCTION = YES;
				GCC_WARN_UNUSED_VARIABLE = YES;
				IPHONEOS_DEPLOYMENT_TARGET = 9.0;
				MTL_ENABLE_DEBUG_INFO = YES;
				ONLY_ACTIVE_ARCH = YES;
				SDKROOT = iphoneos;
			};
			name = Debug;
		};
		83CBBA211A601CBA00E9B192 /* Release */ = {
			isa = XCBuildConfiguration;
			buildSettings = {
				ALWAYS_SEARCH_USER_PATHS = NO;
				CLANG_CXX_LANGUAGE_STANDARD = "gnu++0x";
				CLANG_CXX_LIBRARY = "libc++";
				CLANG_ENABLE_MODULES = YES;
				CLANG_ENABLE_OBJC_ARC = YES;
				CLANG_WARN_BLOCK_CAPTURE_AUTORELEASING = YES;
				CLANG_WARN_BOOL_CONVERSION = YES;
				CLANG_WARN_COMMA = YES;
				CLANG_WARN_CONSTANT_CONVERSION = YES;
				CLANG_WARN_DEPRECATED_OBJC_IMPLEMENTATIONS = YES;
				CLANG_WARN_DIRECT_OBJC_ISA_USAGE = YES_ERROR;
				CLANG_WARN_EMPTY_BODY = YES;
				CLANG_WARN_ENUM_CONVERSION = YES;
				CLANG_WARN_INFINITE_RECURSION = YES;
				CLANG_WARN_INT_CONVERSION = YES;
				CLANG_WARN_NON_LITERAL_NULL_CONVERSION = YES;
				CLANG_WARN_OBJC_IMPLICIT_RETAIN_SELF = YES;
				CLANG_WARN_OBJC_LITERAL_CONVERSION = YES;
				CLANG_WARN_OBJC_ROOT_CLASS = YES_ERROR;
				CLANG_WARN_RANGE_LOOP_ANALYSIS = YES;
				CLANG_WARN_STRICT_PROTOTYPES = YES;
				CLANG_WARN_SUSPICIOUS_MOVE = YES;
				CLANG_WARN_UNREACHABLE_CODE = YES;
				CLANG_WARN__DUPLICATE_METHOD_MATCH = YES;
				CODE_SIGN_IDENTITY = "iPhone Developer: Pu ZheXun (U4XCUHCTVS)";
				"CODE_SIGN_IDENTITY[sdk=iphoneos*]" = "iPhone Developer: Pu ZheXun (U4XCUHCTVS)";
				COPY_PHASE_STRIP = YES;
				ENABLE_NS_ASSERTIONS = NO;
				ENABLE_STRICT_OBJC_MSGSEND = YES;
				GCC_C_LANGUAGE_STANDARD = gnu99;
				GCC_NO_COMMON_BLOCKS = YES;
				GCC_WARN_64_TO_32_BIT_CONVERSION = YES;
				GCC_WARN_ABOUT_RETURN_TYPE = YES_ERROR;
				GCC_WARN_UNDECLARED_SELECTOR = YES;
				GCC_WARN_UNINITIALIZED_AUTOS = YES_AGGRESSIVE;
				GCC_WARN_UNUSED_FUNCTION = YES;
				GCC_WARN_UNUSED_VARIABLE = YES;
				IPHONEOS_DEPLOYMENT_TARGET = 9.0;
				MTL_ENABLE_DEBUG_INFO = NO;
				SDKROOT = iphoneos;
				VALIDATE_PRODUCT = YES;
			};
			name = Release;
		};
/* End XCBuildConfiguration section */

/* Begin XCConfigurationList section */
		13B07F931A680F5B00A75B9A /* Build configuration list for PBXNativeTarget "nono" */ = {
			isa = XCConfigurationList;
			buildConfigurations = (
				13B07F941A680F5B00A75B9A /* Debug */,
				13B07F951A680F5B00A75B9A /* Release */,
			);
			defaultConfigurationIsVisible = 0;
			defaultConfigurationName = Release;
		};
		83CBB9FA1A601CBA00E9B192 /* Build configuration list for PBXProject "nono" */ = {
			isa = XCConfigurationList;
			buildConfigurations = (
				83CBBA201A601CBA00E9B192 /* Debug */,
				83CBBA211A601CBA00E9B192 /* Release */,
			);
			defaultConfigurationIsVisible = 0;
			defaultConfigurationName = Release;
		};
/* End XCConfigurationList section */
	};
	rootObject = 83CBB9F71A601CBA00E9B192 /* Project object */;
}
